
Microsoft Visual Studio Solution File, Format Version 12.00
# Visual Studio Version 16
VisualStudioVersion = 16.0.30320.27
MinimumVisualStudioVersion = 10.0.40219.1
Project("{FAE04EC0-301F-11D3-BF4B-00C04F79EFBC}") = "TestTimeSpan.Server", "TestTimeSpan\Server\TestTimeSpan.Server.csproj", "{D63D9970-513B-4D66-9D1C-FB55B800B125}"
EndProject
Project("{FAE04EC0-301F-11D3-BF4B-00C04F79EFBC}") = "TestTimeSpan.Client", "TestTimeSpan\Client\TestTimeSpan.Client.csproj", "{54021DED-74CD-42D3-A7FC-9335252069B7}"
EndProject
Project("{FAE04EC0-301F-11D3-BF4B-00C04F79EFBC}") = "TestTimeSpan.Shared", "TestTimeSpan\Shared\TestTimeSpan.Shared.csproj", "{3A82AE58-B9C5-4A9B-BCD6-4E97DA9F15B0}"
EndProject
Global
	GlobalSection(SolutionConfigurationPlatforms) = preSolution
		Debug|Any CPU = Debug|Any CPU
		Release|Any CPU = Release|Any CPU
	EndGlobalSection
	GlobalSection(ProjectConfigurationPlatforms) = postSolution
		{D63D9970-513B-4D66-9D1C-FB55B800B125}.Debug|Any CPU.ActiveCfg = Debug|Any CPU
		{D63D9970-513B-4D66-9D1C-FB55B800B125}.Debug|Any CPU.Build.0 = Debug|Any CPU
		{D63D9970-513B-4D66-9D1C-FB55B800B125}.Release|Any CPU.ActiveCfg = Release|Any CPU
		{D63D9970-513B-4D66-9D1C-FB55B800B125}.Release|Any CPU.Build.0 = Release|Any CPU
		{54021DED-74CD-42D3-A7FC-9335252069B7}.Debug|Any CPU.ActiveCfg = Debug|Any CPU
		{54021DED-74CD-42D3-A7FC-9335252069B7}.Debug|Any CPU.Build.0 = Debug|Any CPU
		{54021DED-74CD-42D3-A7FC-9335252069B7}.Release|Any CPU.ActiveCfg = Release|Any CPU
		{54021DED-74CD-42D3-A7FC-9335252069B7}.Release|Any CPU.Build.0 = Release|Any CPU
		{3A82AE58-B9C5-4A9B-BCD6-4E97DA9F15B0}.Debug|Any CPU.ActiveCfg = Debug|Any CPU
		{3A82AE58-B9C5-4A9B-BCD6-4E97DA9F15B0}.Debug|Any CPU.Build.0 = Debug|Any CPU
		{3A82AE58-B9C5-4A9B-BCD6-4E97DA9F15B0}.Release|Any CPU.ActiveCfg = Release|Any CPU
		{3A82AE58-B9C5-4A9B-BCD6-4E97DA9F15B0}.Release|Any CPU.Build.0 = Release|Any CPU
	EndGlobalSection
	GlobalSection(SolutionProperties) = preSolution
		HideSolutionNode = FALSE
	EndGlobalSection
	GlobalSection(ExtensibilityGlobals) = postSolution
		SolutionGuid = {E4BD848E-ABE1-4927-8379-637E8021801A}
	EndGlobalSection
EndGlobal
